
Microsoft Visual Studio Solution File, Format Version 12.00
# Visual Studio Version 17
VisualStudioVersion = 17.9.34728.123
MinimumVisualStudioVersion = 10.0.40219.1
Project("{FAE04EC0-301F-11D3-BF4B-00C04F79EFBC}") = "JEDCMobilityManager", "JEDCMobilityManager\JEDCMobilityManager.csproj", "{2D2101AD-5FE5-4A46-9298-A22E7DEEDA6A}"
EndProject
Global
	GlobalSection(SolutionConfigurationPlatforms) = preSolution
		Debug|Any CPU = Debug|Any CPU
		Release|Any CPU = Release|Any CPU
	EndGlobalSection
	GlobalSection(ProjectConfigurationPlatforms) = postSolution
		{2D2101AD-5FE5-4A46-9298-A22E7DEEDA6A}.Debug|Any CPU.ActiveCfg = Debug|Any CPU
		{2D2101AD-5FE5-4A46-9298-A22E7DEEDA6A}.Debug|Any CPU.Build.0 = Debug|Any CPU
		{2D2101AD-5FE5-4A46-9298-A22E7DEEDA6A}.Release|Any CPU.ActiveCfg = Release|Any CPU
		{2D2101AD-5FE5-4A46-9298-A22E7DEEDA6A}.Release|Any CPU.Build.0 = Release|Any CPU
	EndGlobalSection
	GlobalSection(SolutionProperties) = preSolution
		HideSolutionNode = FALSE
	EndGlobalSection
	GlobalSection(ExtensibilityGlobals) = postSolution
		SolutionGuid = {35F7FF5A-18CC-48CE-8F99-19CC511B7C89}
	EndGlobalSection
EndGlobal
